
Microsoft Visual Studio Solution File, Format Version 12.00
# Visual Studio Version 17
VisualStudioVersion = 17.5.002.0
MinimumVisualStudioVersion = 10.0.40219.1
Project("{9A19103F-16F7-4668-BE54-9A1E7A4F7556}") = "Alejandria", "Alejandria.csproj", "{CD348E79-2A2C-41BE-9FA5-529D6A28F922}"
EndProject
Global
	GlobalSection(SolutionConfigurationPlatforms) = preSolution
		Debug|Any CPU = Debug|Any CPU
		Release|Any CPU = Release|Any CPU
	EndGlobalSection
	GlobalSection(ProjectConfigurationPlatforms) = postSolution
		{CD348E79-2A2C-41BE-9FA5-529D6A28F922}.Debug|Any CPU.ActiveCfg = Debug|Any CPU
		{CD348E79-2A2C-41BE-9FA5-529D6A28F922}.Debug|Any CPU.Build.0 = Debug|Any CPU
		{CD348E79-2A2C-41BE-9FA5-529D6A28F922}.Release|Any CPU.ActiveCfg = Release|Any CPU
		{CD348E79-2A2C-41BE-9FA5-529D6A28F922}.Release|Any CPU.Build.0 = Release|Any CPU
	EndGlobalSection
	GlobalSection(SolutionProperties) = preSolution
		HideSolutionNode = FALSE
	EndGlobalSection
	GlobalSection(ExtensibilityGlobals) = postSolution
		SolutionGuid = {511FAF25-7840-432E-93F1-972BF9CCED5A}
	EndGlobalSection
EndGlobal
